// !$*UTF8*$!
{
	archiveVersion = 1;
	classes = {
	};
	objectVersion = 46;
	objects = {

/* Begin PBXBuildFile section */
		1822ED2120D263FF006F226F /* RCTAgoraScreenShareView.m in Sources */ = {isa = PBXBuildFile; fileRef = 1822ED2020D263FF006F226F /* RCTAgoraScreenShareView.m */; };
		1822ED2520D26BD7006F226F /* AgoraVideoManager.m in Sources */ = {isa = PBXBuildFile; fileRef = 1822ED2320D26BD7006F226F /* AgoraVideoManager.m */; };
		1822ED2A20D26CBD006F226F /* AgoraScreenShareManager.m in Sources */ = {isa = PBXBuildFile; fileRef = 1822ED2820D26CBD006F226F /* AgoraScreenShareManager.m */; };
		182CB00920C8CE7B00F9FF50 /* ReplayKit.framework in Frameworks */ = {isa = PBXBuildFile; fileRef = 184CACE920C7F1B500093E3E /* ReplayKit.framework */; };
		182CB00C20C8CE7B00F9FF50 /* SampleHandler.swift in Sources */ = {isa = PBXBuildFile; fileRef = 182CB00B20C8CE7B00F9FF50 /* SampleHandler.swift */; };
		182CB01320C8CE7C00F9FF50 /* ReplayKit.framework in Frameworks */ = {isa = PBXBuildFile; fileRef = 184CACE920C7F1B500093E3E /* ReplayKit.framework */; };
		182CB01420C8CE7C00F9FF50 /* UIKit.framework in Frameworks */ = {isa = PBXBuildFile; fileRef = 184CACF620C7F1B500093E3E /* UIKit.framework */; };
		182CB01720C8CE7C00F9FF50 /* BroadcastViewController.swift in Sources */ = {isa = PBXBuildFile; fileRef = 182CB01620C8CE7C00F9FF50 /* BroadcastViewController.swift */; };
		182CB03920C8D1EA00F9FF50 /* MainInterface.storyboard in Resources */ = {isa = PBXBuildFile; fileRef = 182CB03720C8D1EA00F9FF50 /* MainInterface.storyboard */; };
		182CB17220C9087800F9FF50 /* AgoraAudioProcessing.mm in Sources */ = {isa = PBXBuildFile; fileRef = 182CB17020C9087800F9FF50 /* AgoraAudioProcessing.mm */; };
		182CB17620C9098B00F9FF50 /* KeyCenter.swift in Sources */ = {isa = PBXBuildFile; fileRef = 182CB17420C9098B00F9FF50 /* KeyCenter.swift */; };
		182CB17820C90B0700F9FF50 /* AgoraUploader.swift in Sources */ = {isa = PBXBuildFile; fileRef = 182CB17720C90B0700F9FF50 /* AgoraUploader.swift */; };
		182CB17A20C90FE200F9FF50 /* SystemConfiguration.framework in Frameworks */ = {isa = PBXBuildFile; fileRef = 182CB17920C90FE100F9FF50 /* SystemConfiguration.framework */; };
		182CB17C20C9100100F9FF50 /* CoreMedia.framework in Frameworks */ = {isa = PBXBuildFile; fileRef = 182CB17B20C9100100F9FF50 /* CoreMedia.framework */; };
		182CB17E20C9100A00F9FF50 /* CoreTelephony.framework in Frameworks */ = {isa = PBXBuildFile; fileRef = 182CB17D20C9100A00F9FF50 /* CoreTelephony.framework */; };
		182CB18020C9103300F9FF50 /* AudioToolbox.framework in Frameworks */ = {isa = PBXBuildFile; fileRef = 182CB17F20C9103300F9FF50 /* AudioToolbox.framework */; };
		182CB18220C9104100F9FF50 /* VideoToolbox.framework in Frameworks */ = {isa = PBXBuildFile; fileRef = 182CB18120C9104100F9FF50 /* VideoToolbox.framework */; };
		182CB18420C9105600F9FF50 /* libc++.tbd in Frameworks */ = {isa = PBXBuildFile; fileRef = 182CB18320C9105600F9FF50 /* libc++.tbd */; };
		182CB18620C9106200F9FF50 /* libresolv.tbd in Frameworks */ = {isa = PBXBuildFile; fileRef = 182CB18520C9106200F9FF50 /* libresolv.tbd */; };
		182D00EC202457F50051054A /* AgoraConst.m in Sources */ = {isa = PBXBuildFile; fileRef = 182DFED5202457F40051054A /* AgoraConst.m */; };
		182D00EE202457F50051054A /* UIUtils.m in Sources */ = {isa = PBXBuildFile; fileRef = 182DFED9202457F40051054A /* UIUtils.m */; };
		182D00F0202457F50051054A /* RCTAgora.m in Sources */ = {isa = PBXBuildFile; fileRef = 182DFEDC202457F40051054A /* RCTAgora.m */; };
		182D0147202457F50051054A /* RCTAgoraVideoView.m in Sources */ = {isa = PBXBuildFile; fileRef = 182D00EA202457F50051054A /* RCTAgoraVideoView.m */; };
		182D0148202457F50051054A /* RCTAgoraVideoViewManager.m in Sources */ = {isa = PBXBuildFile; fileRef = 182D00EB202457F50051054A /* RCTAgoraVideoViewManager.m */; };
		18855D8E202D953A0081BAF4 /* BundleTools.m in Sources */ = {isa = PBXBuildFile; fileRef = 18855D8D202D953A0081BAF4 /* BundleTools.m */; };
		18AA9DEE20D106780045D802 /* RCTAgoraScreenShareViewManager.m in Sources */ = {isa = PBXBuildFile; fileRef = 18AA9DED20D106780045D802 /* RCTAgoraScreenShareViewManager.m */; };
		18AA9E3720D10D6A0045D802 /* libcrypto.a in Frameworks */ = {isa = PBXBuildFile; fileRef = 18AA9E3120D10D6A0045D802 /* libcrypto.a */; };
		18AA9E3820D10D6A0045D802 /* AgoraRtcCryptoLoader.framework in Frameworks */ = {isa = PBXBuildFile; fileRef = 18AA9E3220D10D6A0045D802 /* AgoraRtcCryptoLoader.framework */; };
		18AA9E3920D10D6A0045D802 /* AgoraRtcEngineKit.framework in Frameworks */ = {isa = PBXBuildFile; fileRef = 18AA9E3320D10D6A0045D802 /* AgoraRtcEngineKit.framework */; };
		18AA9E3A20D10D6A0045D802 /* videoprp.framework in Frameworks */ = {isa = PBXBuildFile; fileRef = 18AA9E3520D10D6A0045D802 /* videoprp.framework */; };
/* End PBXBuildFile section */

/* Begin PBXCopyFilesBuildPhase section */
		23AF281A1EEFECD800D771AB /* CopyFiles */ = {
			isa = PBXCopyFilesBuildPhase;
			buildActionMask = 2147483647;
			dstPath = "include/$(PRODUCT_NAME)";
			dstSubfolderSpec = 16;
			files = (
			);
			runOnlyForDeploymentPostprocessing = 0;
		};
/* End PBXCopyFilesBuildPhase section */

/* Begin PBXFileReference section */
		1822ED1F20D263FF006F226F /* RCTAgoraScreenShareView.h */ = {isa = PBXFileReference; fileEncoding = 4; lastKnownFileType = sourcecode.c.h; path = RCTAgoraScreenShareView.h; sourceTree = "<group>"; };
		1822ED2020D263FF006F226F /* RCTAgoraScreenShareView.m */ = {isa = PBXFileReference; fileEncoding = 4; lastKnownFileType = sourcecode.c.objc; path = RCTAgoraScreenShareView.m; sourceTree = "<group>"; };
		1822ED2320D26BD7006F226F /* AgoraVideoManager.m */ = {isa = PBXFileReference; fileEncoding = 4; lastKnownFileType = sourcecode.c.objc; path = AgoraVideoManager.m; sourceTree = "<group>"; };
		1822ED2420D26BD7006F226F /* AgoraVideoManager.h */ = {isa = PBXFileReference; fileEncoding = 4; lastKnownFileType = sourcecode.c.h; path = AgoraVideoManager.h; sourceTree = "<group>"; };
		1822ED2820D26CBD006F226F /* AgoraScreenShareManager.m */ = {isa = PBXFileReference; fileEncoding = 4; lastKnownFileType = sourcecode.c.objc; path = AgoraScreenShareManager.m; sourceTree = "<group>"; };
		1822ED2920D26CBD006F226F /* AgoraScreenShareManager.h */ = {isa = PBXFileReference; fileEncoding = 4; lastKnownFileType = sourcecode.c.h; path = AgoraScreenShareManager.h; sourceTree = "<group>"; };
		182CB00820C8CE7B00F9FF50 /* Boardcast.appex */ = {isa = PBXFileReference; explicitFileType = "wrapper.app-extension"; includeInIndex = 0; path = Boardcast.appex; sourceTree = BUILT_PRODUCTS_DIR; };
		182CB00B20C8CE7B00F9FF50 /* SampleHandler.swift */ = {isa = PBXFileReference; lastKnownFileType = sourcecode.swift; path = SampleHandler.swift; sourceTree = "<group>"; };
		182CB00D20C8CE7B00F9FF50 /* Info.plist */ = {isa = PBXFileReference; lastKnownFileType = text.plist.xml; path = Info.plist; sourceTree = "<group>"; };
		182CB01220C8CE7B00F9FF50 /* BoardcastSetupUI.appex */ = {isa = PBXFileReference; explicitFileType = "wrapper.app-extension"; includeInIndex = 0; path = BoardcastSetupUI.appex; sourceTree = BUILT_PRODUCTS_DIR; };
		182CB01620C8CE7C00F9FF50 /* BroadcastViewController.swift */ = {isa = PBXFileReference; lastKnownFileType = sourcecode.swift; path = BroadcastViewController.swift; sourceTree = "<group>"; };
		182CB01820C8CE7C00F9FF50 /* Info.plist */ = {isa = PBXFileReference; lastKnownFileType = text.plist.xml; path = Info.plist; sourceTree = "<group>"; };
		182CB03820C8D1EA00F9FF50 /* Base */ = {isa = PBXFileReference; lastKnownFileType = file.storyboard; name = Base; path = Base.lproj/MainInterface.storyboard; sourceTree = "<group>"; };
		182CB16E20C9087700F9FF50 /* Boardcast-Bridging-Header.h */ = {isa = PBXFileReference; lastKnownFileType = sourcecode.c.h; path = "Boardcast-Bridging-Header.h"; sourceTree = "<group>"; };
		182CB16F20C9087800F9FF50 /* AgoraAudioCriticalSection.h */ = {isa = PBXFileReference; fileEncoding = 4; lastKnownFileType = sourcecode.c.h; path = AgoraAudioCriticalSection.h; sourceTree = "<group>"; };
		182CB17020C9087800F9FF50 /* AgoraAudioProcessing.mm */ = {isa = PBXFileReference; fileEncoding = 4; lastKnownFileType = sourcecode.cpp.objcpp; path = AgoraAudioProcessing.mm; sourceTree = "<group>"; };
		182CB17120C9087800F9FF50 /* AgoraAudioProcessing.h */ = {isa = PBXFileReference; fileEncoding = 4; lastKnownFileType = sourcecode.c.h; path = AgoraAudioProcessing.h; sourceTree = "<group>"; };
		182CB17420C9098B00F9FF50 /* KeyCenter.swift */ = {isa = PBXFileReference; fileEncoding = 4; lastKnownFileType = sourcecode.swift; path = KeyCenter.swift; sourceTree = "<group>"; };
		182CB17720C90B0700F9FF50 /* AgoraUploader.swift */ = {isa = PBXFileReference; fileEncoding = 4; lastKnownFileType = sourcecode.swift; path = AgoraUploader.swift; sourceTree = "<group>"; };
		182CB17920C90FE100F9FF50 /* SystemConfiguration.framework */ = {isa = PBXFileReference; lastKnownFileType = wrapper.framework; name = SystemConfiguration.framework; path = System/Library/Frameworks/SystemConfiguration.framework; sourceTree = SDKROOT; };
		182CB17B20C9100100F9FF50 /* CoreMedia.framework */ = {isa = PBXFileReference; lastKnownFileType = wrapper.framework; name = CoreMedia.framework; path = System/Library/Frameworks/CoreMedia.framework; sourceTree = SDKROOT; };
		182CB17D20C9100A00F9FF50 /* CoreTelephony.framework */ = {isa = PBXFileReference; lastKnownFileType = wrapper.framework; name = CoreTelephony.framework; path = System/Library/Frameworks/CoreTelephony.framework; sourceTree = SDKROOT; };
		182CB17F20C9103300F9FF50 /* AudioToolbox.framework */ = {isa = PBXFileReference; lastKnownFileType = wrapper.framework; name = AudioToolbox.framework; path = System/Library/Frameworks/AudioToolbox.framework; sourceTree = SDKROOT; };
		182CB18120C9104100F9FF50 /* VideoToolbox.framework */ = {isa = PBXFileReference; lastKnownFileType = wrapper.framework; name = VideoToolbox.framework; path = System/Library/Frameworks/VideoToolbox.framework; sourceTree = SDKROOT; };
		182CB18320C9105600F9FF50 /* libc++.tbd */ = {isa = PBXFileReference; lastKnownFileType = "sourcecode.text-based-dylib-definition"; name = "libc++.tbd"; path = "usr/lib/libc++.tbd"; sourceTree = SDKROOT; };
		182CB18520C9106200F9FF50 /* libresolv.tbd */ = {isa = PBXFileReference; lastKnownFileType = "sourcecode.text-based-dylib-definition"; name = libresolv.tbd; path = usr/lib/libresolv.tbd; sourceTree = SDKROOT; };
		182D00EA202457F50051054A /* RCTAgoraVideoView.m */ = {isa = PBXFileReference; fileEncoding = 4; lastKnownFileType = sourcecode.c.objc; path = RCTAgoraVideoView.m; sourceTree = "<group>"; };
		182D00EB202457F50051054A /* RCTAgoraVideoViewManager.m */ = {isa = PBXFileReference; fileEncoding = 4; lastKnownFileType = sourcecode.c.objc; path = RCTAgoraVideoViewManager.m; sourceTree = "<group>"; };
		182DFED0202457F40051054A /* RCTAgora.h */ = {isa = PBXFileReference; fileEncoding = 4; lastKnownFileType = sourcecode.c.h; path = RCTAgora.h; sourceTree = "<group>"; };
		182DFED1202457F40051054A /* RCTAgoraVideoViewManager.h */ = {isa = PBXFileReference; fileEncoding = 4; lastKnownFileType = sourcecode.c.h; path = RCTAgoraVideoViewManager.h; sourceTree = "<group>"; };
		182DFED2202457F40051054A /* RCTAgoraVideoView.h */ = {isa = PBXFileReference; fileEncoding = 4; lastKnownFileType = sourcecode.c.h; path = RCTAgoraVideoView.h; sourceTree = "<group>"; };
		182DFED5202457F40051054A /* AgoraConst.m */ = {isa = PBXFileReference; fileEncoding = 4; lastKnownFileType = sourcecode.c.objc; path = AgoraConst.m; sourceTree = "<group>"; };
		182DFED7202457F40051054A /* UIUtils.h */ = {isa = PBXFileReference; fileEncoding = 4; lastKnownFileType = sourcecode.c.h; path = UIUtils.h; sourceTree = "<group>"; };
		182DFED8202457F40051054A /* AgoraConst.h */ = {isa = PBXFileReference; fileEncoding = 4; lastKnownFileType = sourcecode.c.h; path = AgoraConst.h; sourceTree = "<group>"; };
		182DFED9202457F40051054A /* UIUtils.m */ = {isa = PBXFileReference; fileEncoding = 4; lastKnownFileType = sourcecode.c.objc; path = UIUtils.m; sourceTree = "<group>"; };
		182DFEDC202457F40051054A /* RCTAgora.m */ = {isa = PBXFileReference; fileEncoding = 4; lastKnownFileType = sourcecode.c.objc; path = RCTAgora.m; sourceTree = "<group>"; };
		184CACE920C7F1B500093E3E /* ReplayKit.framework */ = {isa = PBXFileReference; lastKnownFileType = wrapper.framework; name = ReplayKit.framework; path = System/Library/Frameworks/ReplayKit.framework; sourceTree = SDKROOT; };
		184CACF620C7F1B500093E3E /* UIKit.framework */ = {isa = PBXFileReference; lastKnownFileType = wrapper.framework; name = UIKit.framework; path = System/Library/Frameworks/UIKit.framework; sourceTree = SDKROOT; };
		18855D8C202D953A0081BAF4 /* BundleTools.h */ = {isa = PBXFileReference; lastKnownFileType = sourcecode.c.h; path = BundleTools.h; sourceTree = "<group>"; };
		18855D8D202D953A0081BAF4 /* BundleTools.m */ = {isa = PBXFileReference; lastKnownFileType = sourcecode.c.objc; path = BundleTools.m; sourceTree = "<group>"; };
		18AA9DEC20D106780045D802 /* RCTAgoraScreenShareViewManager.h */ = {isa = PBXFileReference; lastKnownFileType = sourcecode.c.h; path = RCTAgoraScreenShareViewManager.h; sourceTree = "<group>"; };
		18AA9DED20D106780045D802 /* RCTAgoraScreenShareViewManager.m */ = {isa = PBXFileReference; lastKnownFileType = sourcecode.c.objc; path = RCTAgoraScreenShareViewManager.m; sourceTree = "<group>"; };
		18AA9E3120D10D6A0045D802 /* libcrypto.a */ = {isa = PBXFileReference; lastKnownFileType = archive.ar; path = libcrypto.a; sourceTree = "<group>"; };
		18AA9E3220D10D6A0045D802 /* AgoraRtcCryptoLoader.framework */ = {isa = PBXFileReference; lastKnownFileType = wrapper.framework; path = AgoraRtcCryptoLoader.framework; sourceTree = "<group>"; };
		18AA9E3320D10D6A0045D802 /* AgoraRtcEngineKit.framework */ = {isa = PBXFileReference; lastKnownFileType = wrapper.framework; path = AgoraRtcEngineKit.framework; sourceTree = "<group>"; };
		18AA9E3520D10D6A0045D802 /* videoprp.framework */ = {isa = PBXFileReference; lastKnownFileType = wrapper.framework; path = videoprp.framework; sourceTree = "<group>"; };
		18AA9E3620D10D6A0045D802 /* PLACEHOLDER.rtf */ = {isa = PBXFileReference; fileEncoding = 4; lastKnownFileType = text.rtf; path = PLACEHOLDER.rtf; sourceTree = "<group>"; };
		18AA9E4720D130BE0045D802 /* ConstHeader.h */ = {isa = PBXFileReference; lastKnownFileType = sourcecode.c.h; path = ConstHeader.h; sourceTree = "<group>"; };
		18AA9E4820D1312F0045D802 /* PrefixHeader.pch */ = {isa = PBXFileReference; fileEncoding = 4; lastKnownFileType = sourcecode.c.h; path = PrefixHeader.pch; sourceTree = "<group>"; };
		23AF281C1EEFECD800D771AB /* libRCTAgora.a */ = {isa = PBXFileReference; explicitFileType = archive.ar; includeInIndex = 0; path = libRCTAgora.a; sourceTree = BUILT_PRODUCTS_DIR; };
/* End PBXFileReference section */

/* Begin PBXFrameworksBuildPhase section */
		182CB00520C8CE7B00F9FF50 /* Frameworks */ = {
			isa = PBXFrameworksBuildPhase;
			buildActionMask = 2147483647;
			files = (
				182CB18620C9106200F9FF50 /* libresolv.tbd in Frameworks */,
				182CB18420C9105600F9FF50 /* libc++.tbd in Frameworks */,
				182CB18220C9104100F9FF50 /* VideoToolbox.framework in Frameworks */,
				182CB18020C9103300F9FF50 /* AudioToolbox.framework in Frameworks */,
				182CB17E20C9100A00F9FF50 /* CoreTelephony.framework in Frameworks */,
				182CB17C20C9100100F9FF50 /* CoreMedia.framework in Frameworks */,
				182CB17A20C90FE200F9FF50 /* SystemConfiguration.framework in Frameworks */,
				182CB00920C8CE7B00F9FF50 /* ReplayKit.framework in Frameworks */,
			);
			runOnlyForDeploymentPostprocessing = 0;
		};
		182CB00F20C8CE7B00F9FF50 /* Frameworks */ = {
			isa = PBXFrameworksBuildPhase;
			buildActionMask = 2147483647;
			files = (
				182CB01320C8CE7C00F9FF50 /* ReplayKit.framework in Frameworks */,
				182CB01420C8CE7C00F9FF50 /* UIKit.framework in Frameworks */,
			);
			runOnlyForDeploymentPostprocessing = 0;
		};
		23AF28191EEFECD800D771AB /* Frameworks */ = {
			isa = PBXFrameworksBuildPhase;
			buildActionMask = 2147483647;
			files = (
				18AA9E3920D10D6A0045D802 /* AgoraRtcEngineKit.framework in Frameworks */,
				18AA9E3720D10D6A0045D802 /* libcrypto.a in Frameworks */,
				18AA9E3820D10D6A0045D802 /* AgoraRtcCryptoLoader.framework in Frameworks */,
				18AA9E3A20D10D6A0045D802 /* videoprp.framework in Frameworks */,
			);
			runOnlyForDeploymentPostprocessing = 0;
		};
/* End PBXFrameworksBuildPhase section */

/* Begin PBXGroup section */
		1822ED1E20D263FF006F226F /* ScreenShare */ = {
			isa = PBXGroup;
			children = (
				1822ED2720D26CBD006F226F /* Instance */,
				1822ED1F20D263FF006F226F /* RCTAgoraScreenShareView.h */,
				1822ED2020D263FF006F226F /* RCTAgoraScreenShareView.m */,
			);
			path = ScreenShare;
			sourceTree = "<group>";
		};
		1822ED2220D26BD7006F226F /* Instance */ = {
			isa = PBXGroup;
			children = (
				1822ED2420D26BD7006F226F /* AgoraVideoManager.h */,
				1822ED2320D26BD7006F226F /* AgoraVideoManager.m */,
			);
			path = Instance;
			sourceTree = "<group>";
		};
		1822ED2720D26CBD006F226F /* Instance */ = {
			isa = PBXGroup;
			children = (
				1822ED2920D26CBD006F226F /* AgoraScreenShareManager.h */,
				1822ED2820D26CBD006F226F /* AgoraScreenShareManager.m */,
			);
			path = Instance;
			sourceTree = "<group>";
		};
		182CB00A20C8CE7B00F9FF50 /* Boardcast */ = {
			isa = PBXGroup;
			children = (
				182CB17720C90B0700F9FF50 /* AgoraUploader.swift */,
				182CB17420C9098B00F9FF50 /* KeyCenter.swift */,
				182CB16F20C9087800F9FF50 /* AgoraAudioCriticalSection.h */,
				182CB17120C9087800F9FF50 /* AgoraAudioProcessing.h */,
				182CB17020C9087800F9FF50 /* AgoraAudioProcessing.mm */,
				182CB00B20C8CE7B00F9FF50 /* SampleHandler.swift */,
				182CB00D20C8CE7B00F9FF50 /* Info.plist */,
				182CB16E20C9087700F9FF50 /* Boardcast-Bridging-Header.h */,
			);
			path = Boardcast;
			sourceTree = "<group>";
		};
		182CB01520C8CE7C00F9FF50 /* BoardcastSetupUI */ = {
			isa = PBXGroup;
			children = (
				182CB03720C8D1EA00F9FF50 /* MainInterface.storyboard */,
				182CB01620C8CE7C00F9FF50 /* BroadcastViewController.swift */,
				182CB01820C8CE7C00F9FF50 /* Info.plist */,
			);
			path = BoardcastSetupUI;
			sourceTree = "<group>";
		};
		182DFECF202457F40051054A /* RCTAgora */ = {
			isa = PBXGroup;
			children = (
				18AA9E3B20D1103E0045D802 /* BridgeModule */,
				18AA9E3E20D111770045D802 /* View */,
				18AA9E3D20D110D30045D802 /* ViewManager */,
				182DFED3202457F40051054A /* Tool */,
				18AA9E4120D112240045D802 /* Const */,
				18AA9E2F20D10D6A0045D802 /* Libraries */,
				18AA9E4820D1312F0045D802 /* PrefixHeader.pch */,
			);
			path = RCTAgora;
			sourceTree = "<group>";
		};
		182DFED3202457F40051054A /* Tool */ = {
			isa = PBXGroup;
			children = (
				182DFED7202457F40051054A /* UIUtils.h */,
				182DFED9202457F40051054A /* UIUtils.m */,
				18855D8C202D953A0081BAF4 /* BundleTools.h */,
				18855D8D202D953A0081BAF4 /* BundleTools.m */,
			);
			path = Tool;
			sourceTree = "<group>";
		};
		184CACE820C7F1B500093E3E /* Frameworks */ = {
			isa = PBXGroup;
			children = (
				182CB18520C9106200F9FF50 /* libresolv.tbd */,
				182CB18320C9105600F9FF50 /* libc++.tbd */,
				182CB18120C9104100F9FF50 /* VideoToolbox.framework */,
				182CB17F20C9103300F9FF50 /* AudioToolbox.framework */,
				182CB17D20C9100A00F9FF50 /* CoreTelephony.framework */,
				182CB17B20C9100100F9FF50 /* CoreMedia.framework */,
				182CB17920C90FE100F9FF50 /* SystemConfiguration.framework */,
				184CACE920C7F1B500093E3E /* ReplayKit.framework */,
				184CACF620C7F1B500093E3E /* UIKit.framework */,
			);
			name = Frameworks;
			sourceTree = "<group>";
		};
		18AA9E2F20D10D6A0045D802 /* Libraries */ = {
			isa = PBXGroup;
			children = (
				18AA9E3020D10D6A0045D802 /* AgoraEngine */,
				18AA9E3420D10D6A0045D802 /* AgoraBeauty */,
				18AA9E3620D10D6A0045D802 /* PLACEHOLDER.rtf */,
			);
			path = Libraries;
			sourceTree = "<group>";
		};
		18AA9E3020D10D6A0045D802 /* AgoraEngine */ = {
			isa = PBXGroup;
			children = (
				18AA9E3120D10D6A0045D802 /* libcrypto.a */,
				18AA9E3220D10D6A0045D802 /* AgoraRtcCryptoLoader.framework */,
				18AA9E3320D10D6A0045D802 /* AgoraRtcEngineKit.framework */,
			);
			path = AgoraEngine;
			sourceTree = "<group>";
		};
		18AA9E3420D10D6A0045D802 /* AgoraBeauty */ = {
			isa = PBXGroup;
			children = (
				18AA9E3520D10D6A0045D802 /* videoprp.framework */,
			);
			path = AgoraBeauty;
			sourceTree = "<group>";
		};
		18AA9E3B20D1103E0045D802 /* BridgeModule */ = {
			isa = PBXGroup;
			children = (
				182DFED0202457F40051054A /* RCTAgora.h */,
				182DFEDC202457F40051054A /* RCTAgora.m */,
			);
			path = BridgeModule;
			sourceTree = "<group>";
		};
		18AA9E3C20D110B10045D802 /* Video */ = {
			isa = PBXGroup;
			children = (
				1822ED2220D26BD7006F226F /* Instance */,
				182DFED2202457F40051054A /* RCTAgoraVideoView.h */,
				182D00EA202457F50051054A /* RCTAgoraVideoView.m */,
			);
			path = Video;
			sourceTree = "<group>";
		};
		18AA9E3D20D110D30045D802 /* ViewManager */ = {
			isa = PBXGroup;
			children = (
				18AA9E3F20D111EC0045D802 /* Video */,
				18AA9E4020D111F20045D802 /* ScreenShare */,
			);
			path = ViewManager;
			sourceTree = "<group>";
		};
		18AA9E3E20D111770045D802 /* View */ = {
			isa = PBXGroup;
			children = (
				18AA9E3C20D110B10045D802 /* Video */,
				1822ED1E20D263FF006F226F /* ScreenShare */,
			);
			path = View;
			sourceTree = "<group>";
		};
		18AA9E3F20D111EC0045D802 /* Video */ = {
			isa = PBXGroup;
			children = (
				182DFED1202457F40051054A /* RCTAgoraVideoViewManager.h */,
				182D00EB202457F50051054A /* RCTAgoraVideoViewManager.m */,
			);
			path = Video;
			sourceTree = "<group>";
		};
		18AA9E4020D111F20045D802 /* ScreenShare */ = {
			isa = PBXGroup;
			children = (
				18AA9DEC20D106780045D802 /* RCTAgoraScreenShareViewManager.h */,
				18AA9DED20D106780045D802 /* RCTAgoraScreenShareViewManager.m */,
			);
			path = ScreenShare;
			sourceTree = "<group>";
		};
		18AA9E4120D112240045D802 /* Const */ = {
			isa = PBXGroup;
			children = (
				182DFED8202457F40051054A /* AgoraConst.h */,
				182DFED5202457F40051054A /* AgoraConst.m */,
				18AA9E4720D130BE0045D802 /* ConstHeader.h */,
			);
			path = Const;
			sourceTree = "<group>";
		};
		23AF28131EEFECD800D771AB = {
			isa = PBXGroup;
			children = (
				182DFECF202457F40051054A /* RCTAgora */,
				182CB00A20C8CE7B00F9FF50 /* Boardcast */,
				182CB01520C8CE7C00F9FF50 /* BoardcastSetupUI */,
				184CACE820C7F1B500093E3E /* Frameworks */,
				23AF281D1EEFECD800D771AB /* Products */,
			);
			sourceTree = "<group>";
		};
		23AF281D1EEFECD800D771AB /* Products */ = {
			isa = PBXGroup;
			children = (
				23AF281C1EEFECD800D771AB /* libRCTAgora.a */,
				182CB00820C8CE7B00F9FF50 /* Boardcast.appex */,
				182CB01220C8CE7B00F9FF50 /* BoardcastSetupUI.appex */,
			);
			name = Products;
			sourceTree = "<group>";
		};
/* End PBXGroup section */

/* Begin PBXNativeTarget section */
		182CB00720C8CE7B00F9FF50 /* Boardcast */ = {
			isa = PBXNativeTarget;
			buildConfigurationList = 182CB01920C8CE7C00F9FF50 /* Build configuration list for PBXNativeTarget "Boardcast" */;
			buildPhases = (
				182CB00420C8CE7B00F9FF50 /* Sources */,
				182CB00520C8CE7B00F9FF50 /* Frameworks */,
				182CB00620C8CE7B00F9FF50 /* Resources */,
			);
			buildRules = (
			);
			dependencies = (
			);
			name = Boardcast;
			productName = Boardcast;
			productReference = 182CB00820C8CE7B00F9FF50 /* Boardcast.appex */;
			productType = "com.apple.product-type.app-extension";
		};
		182CB01120C8CE7B00F9FF50 /* BoardcastSetupUI */ = {
			isa = PBXNativeTarget;
			buildConfigurationList = 182CB01C20C8CE7C00F9FF50 /* Build configuration list for PBXNativeTarget "BoardcastSetupUI" */;
			buildPhases = (
				182CB00E20C8CE7B00F9FF50 /* Sources */,
				182CB00F20C8CE7B00F9FF50 /* Frameworks */,
				182CB01020C8CE7B00F9FF50 /* Resources */,
			);
			buildRules = (
			);
			dependencies = (
			);
			name = BoardcastSetupUI;
			productName = BoardcastSetupUI;
			productReference = 182CB01220C8CE7B00F9FF50 /* BoardcastSetupUI.appex */;
			productType = "com.apple.product-type.app-extension";
		};
		23AF281B1EEFECD800D771AB /* RCTAgora */ = {
			isa = PBXNativeTarget;
			buildConfigurationList = 23AF28251EEFECD800D771AB /* Build configuration list for PBXNativeTarget "RCTAgora" */;
			buildPhases = (
				23AF28181EEFECD800D771AB /* Sources */,
				23AF28191EEFECD800D771AB /* Frameworks */,
				23AF281A1EEFECD800D771AB /* CopyFiles */,
			);
			buildRules = (
			);
			dependencies = (
			);
			name = RCTAgora;
			productName = RCTAgora;
			productReference = 23AF281C1EEFECD800D771AB /* libRCTAgora.a */;
			productType = "com.apple.product-type.library.static";
		};
/* End PBXNativeTarget section */

/* Begin PBXProject section */
		23AF28141EEFECD800D771AB /* Project object */ = {
			isa = PBXProject;
			attributes = {
				LastSwiftUpdateCheck = 0940;
				LastUpgradeCheck = 0830;
				ORGANIZATIONNAME = Syan;
				TargetAttributes = {
					182CB00720C8CE7B00F9FF50 = {
						CreatedOnToolsVersion = 9.4;
						DevelopmentTeam = Z4Q2D6MMMF;
						LastSwiftMigration = 0940;
						ProvisioningStyle = Automatic;
					};
					182CB01120C8CE7B00F9FF50 = {
						CreatedOnToolsVersion = 9.4;
						DevelopmentTeam = Z4Q2D6MMMF;
						ProvisioningStyle = Automatic;
					};
					23AF281B1EEFECD800D771AB = {
						CreatedOnToolsVersion = 8.3.2;
						DevelopmentTeam = 342K4Q49RK;
						ProvisioningStyle = Automatic;
					};
				};
			};
			buildConfigurationList = 23AF28171EEFECD800D771AB /* Build configuration list for PBXProject "RCTAgora" */;
			compatibilityVersion = "Xcode 3.2";
			developmentRegion = English;
			hasScannedForEncodings = 0;
			knownRegions = (
				en,
				Base,
			);
			mainGroup = 23AF28131EEFECD800D771AB;
			productRefGroup = 23AF281D1EEFECD800D771AB /* Products */;
			projectDirPath = "";
			projectRoot = "";
			targets = (
				23AF281B1EEFECD800D771AB /* RCTAgora */,
				182CB00720C8CE7B00F9FF50 /* Boardcast */,
				182CB01120C8CE7B00F9FF50 /* BoardcastSetupUI */,
			);
		};
/* End PBXProject section */

/* Begin PBXResourcesBuildPhase section */
		182CB00620C8CE7B00F9FF50 /* Resources */ = {
			isa = PBXResourcesBuildPhase;
			buildActionMask = 2147483647;
			files = (
			);
			runOnlyForDeploymentPostprocessing = 0;
		};
		182CB01020C8CE7B00F9FF50 /* Resources */ = {
			isa = PBXResourcesBuildPhase;
			buildActionMask = 2147483647;
			files = (
				182CB03920C8D1EA00F9FF50 /* MainInterface.storyboard in Resources */,
			);
			runOnlyForDeploymentPostprocessing = 0;
		};
/* End PBXResourcesBuildPhase section */

/* Begin PBXSourcesBuildPhase section */
		182CB00420C8CE7B00F9FF50 /* Sources */ = {
			isa = PBXSourcesBuildPhase;
			buildActionMask = 2147483647;
			files = (
				182CB17820C90B0700F9FF50 /* AgoraUploader.swift in Sources */,
				182CB17620C9098B00F9FF50 /* KeyCenter.swift in Sources */,
				182CB17220C9087800F9FF50 /* AgoraAudioProcessing.mm in Sources */,
				182CB00C20C8CE7B00F9FF50 /* SampleHandler.swift in Sources */,
			);
			runOnlyForDeploymentPostprocessing = 0;
		};
		182CB00E20C8CE7B00F9FF50 /* Sources */ = {
			isa = PBXSourcesBuildPhase;
			buildActionMask = 2147483647;
			files = (
				182CB01720C8CE7C00F9FF50 /* BroadcastViewController.swift in Sources */,
			);
			runOnlyForDeploymentPostprocessing = 0;
		};
		23AF28181EEFECD800D771AB /* Sources */ = {
			isa = PBXSourcesBuildPhase;
			buildActionMask = 2147483647;
			files = (
				182D00F0202457F50051054A /* RCTAgora.m in Sources */,
				182D00EC202457F50051054A /* AgoraConst.m in Sources */,
				1822ED2520D26BD7006F226F /* AgoraVideoManager.m in Sources */,
				18855D8E202D953A0081BAF4 /* BundleTools.m in Sources */,
				182D0148202457F50051054A /* RCTAgoraVideoViewManager.m in Sources */,
				182D00EE202457F50051054A /* UIUtils.m in Sources */,
				1822ED2120D263FF006F226F /* RCTAgoraScreenShareView.m in Sources */,
				18AA9DEE20D106780045D802 /* RCTAgoraScreenShareViewManager.m in Sources */,
				1822ED2A20D26CBD006F226F /* AgoraScreenShareManager.m in Sources */,
				182D0147202457F50051054A /* RCTAgoraVideoView.m in Sources */,
			);
			runOnlyForDeploymentPostprocessing = 0;
		};
/* End PBXSourcesBuildPhase section */

/* Begin PBXVariantGroup section */
		182CB03720C8D1EA00F9FF50 /* MainInterface.storyboard */ = {
			isa = PBXVariantGroup;
			children = (
				182CB03820C8D1EA00F9FF50 /* Base */,
			);
			name = MainInterface.storyboard;
			sourceTree = "<group>";
		};
/* End PBXVariantGroup section */

/* Begin XCBuildConfiguration section */
		182CB01A20C8CE7C00F9FF50 /* Debug */ = {
			isa = XCBuildConfiguration;
			buildSettings = {
				CLANG_CXX_LANGUAGE_STANDARD = "gnu++14";
				CLANG_ENABLE_MODULES = YES;
				CLANG_ENABLE_OBJC_WEAK = YES;
				CLANG_WARN_BLOCK_CAPTURE_AUTORELEASING = YES;
				CLANG_WARN_COMMA = YES;
				CLANG_WARN_DEPRECATED_OBJC_IMPLEMENTATIONS = YES;
				CLANG_WARN_NON_LITERAL_NULL_CONVERSION = YES;
				CLANG_WARN_OBJC_IMPLICIT_RETAIN_SELF = YES;
				CLANG_WARN_OBJC_LITERAL_CONVERSION = YES;
				CLANG_WARN_RANGE_LOOP_ANALYSIS = YES;
				CLANG_WARN_STRICT_PROTOTYPES = YES;
				CLANG_WARN_UNGUARDED_AVAILABILITY = YES_AGGRESSIVE;
				CODE_SIGN_IDENTITY = "iPhone Developer";
				CODE_SIGN_STYLE = Automatic;
				DEVELOPMENT_TEAM = Z4Q2D6MMMF;
				ENABLE_BITCODE = NO;
				FRAMEWORK_SEARCH_PATHS = (
					"$(inherited)/**",
					"$(PROJECT_DIR)/RCTAgora/Libraies/AgoraEngine",
					"$(PROJECT_DIR)/Boardcast",
					"$(PROJECT_DIR)/RCTAgora/Libraies/AgoraBeauty/**",
					"$(PROJECT_DIR)/RCTAgora/Libraries/AgoraEngine",
				);
				GCC_C_LANGUAGE_STANDARD = gnu11;
				INFOPLIST_FILE = Boardcast/Info.plist;
				IPHONEOS_DEPLOYMENT_TARGET = 11.0;
				LD_RUNPATH_SEARCH_PATHS = "$(inherited) @executable_path/Frameworks @executable_path/../../Frameworks";
				PRODUCT_BUNDLE_IDENTIFIER = com.wilder.ilive.Boardcast;
				PRODUCT_NAME = "$(TARGET_NAME)";
				SKIP_INSTALL = YES;
				SWIFT_ACTIVE_COMPILATION_CONDITIONS = DEBUG;
				SWIFT_OBJC_BRIDGING_HEADER = "Boardcast/Boardcast-Bridging-Header.h";
				SWIFT_OPTIMIZATION_LEVEL = "-Onone";
				SWIFT_VERSION = 4.0;
				TARGETED_DEVICE_FAMILY = "1,2";
			};
			name = Debug;
		};
		182CB01B20C8CE7C00F9FF50 /* Release */ = {
			isa = XCBuildConfiguration;
			buildSettings = {
				CLANG_CXX_LANGUAGE_STANDARD = "gnu++14";
				CLANG_ENABLE_MODULES = YES;
				CLANG_ENABLE_OBJC_WEAK = YES;
				CLANG_WARN_BLOCK_CAPTURE_AUTORELEASING = YES;
				CLANG_WARN_COMMA = YES;
				CLANG_WARN_DEPRECATED_OBJC_IMPLEMENTATIONS = YES;
				CLANG_WARN_NON_LITERAL_NULL_CONVERSION = YES;
				CLANG_WARN_OBJC_IMPLICIT_RETAIN_SELF = YES;
				CLANG_WARN_OBJC_LITERAL_CONVERSION = YES;
				CLANG_WARN_RANGE_LOOP_ANALYSIS = YES;
				CLANG_WARN_STRICT_PROTOTYPES = YES;
				CLANG_WARN_UNGUARDED_AVAILABILITY = YES_AGGRESSIVE;
				CODE_SIGN_IDENTITY = "iPhone Developer";
				CODE_SIGN_STYLE = Automatic;
				DEVELOPMENT_TEAM = Z4Q2D6MMMF;
				ENABLE_BITCODE = NO;
				FRAMEWORK_SEARCH_PATHS = (
					"$(inherited)/**",
					"$(PROJECT_DIR)/RCTAgora/Libraies/AgoraEngine",
					"$(PROJECT_DIR)/Boardcast",
					"$(PROJECT_DIR)/RCTAgora/Libraies/AgoraBeauty/**",
					"$(PROJECT_DIR)/RCTAgora/Libraries/AgoraEngine",
				);
				GCC_C_LANGUAGE_STANDARD = gnu11;
				INFOPLIST_FILE = Boardcast/Info.plist;
				IPHONEOS_DEPLOYMENT_TARGET = 11.0;
				LD_RUNPATH_SEARCH_PATHS = "$(inherited) @executable_path/Frameworks @executable_path/../../Frameworks";
				PRODUCT_BUNDLE_IDENTIFIER = com.wilder.ilive.Boardcast;
				PRODUCT_NAME = "$(TARGET_NAME)";
				SKIP_INSTALL = YES;
				SWIFT_OBJC_BRIDGING_HEADER = "Boardcast/Boardcast-Bridging-Header.h";
				SWIFT_OPTIMIZATION_LEVEL = "-Owholemodule";
				SWIFT_VERSION = 4.0;
				TARGETED_DEVICE_FAMILY = "1,2";
			};
			name = Release;
		};
		182CB01D20C8CE7C00F9FF50 /* Debug */ = {
			isa = XCBuildConfiguration;
			buildSettings = {
				CLANG_CXX_LANGUAGE_STANDARD = "gnu++14";
				CLANG_ENABLE_OBJC_WEAK = YES;
				CLANG_WARN_BLOCK_CAPTURE_AUTORELEASING = YES;
				CLANG_WARN_COMMA = YES;
				CLANG_WARN_DEPRECATED_OBJC_IMPLEMENTATIONS = YES;
				CLANG_WARN_NON_LITERAL_NULL_CONVERSION = YES;
				CLANG_WARN_OBJC_IMPLICIT_RETAIN_SELF = YES;
				CLANG_WARN_OBJC_LITERAL_CONVERSION = YES;
				CLANG_WARN_RANGE_LOOP_ANALYSIS = YES;
				CLANG_WARN_STRICT_PROTOTYPES = YES;
				CLANG_WARN_UNGUARDED_AVAILABILITY = YES_AGGRESSIVE;
				CODE_SIGN_IDENTITY = "iPhone Developer";
				CODE_SIGN_STYLE = Automatic;
				DEVELOPMENT_TEAM = Z4Q2D6MMMF;
				ENABLE_BITCODE = NO;
				GCC_C_LANGUAGE_STANDARD = gnu11;
				INFOPLIST_FILE = BoardcastSetupUI/Info.plist;
				IPHONEOS_DEPLOYMENT_TARGET = 11.0;
				LD_RUNPATH_SEARCH_PATHS = "$(inherited) @executable_path/Frameworks @executable_path/../../Frameworks";
				PRODUCT_BUNDLE_IDENTIFIER = com.wilder.ilive.BroadcastSetupUI;
				PRODUCT_NAME = "$(TARGET_NAME)";
				SKIP_INSTALL = YES;
				SWIFT_ACTIVE_COMPILATION_CONDITIONS = DEBUG;
				SWIFT_OPTIMIZATION_LEVEL = "-Onone";
				SWIFT_VERSION = 4.0;
				TARGETED_DEVICE_FAMILY = "1,2";
			};
			name = Debug;
		};
		182CB01E20C8CE7C00F9FF50 /* Release */ = {
			isa = XCBuildConfiguration;
			buildSettings = {
				CLANG_CXX_LANGUAGE_STANDARD = "gnu++14";
				CLANG_ENABLE_OBJC_WEAK = YES;
				CLANG_WARN_BLOCK_CAPTURE_AUTORELEASING = YES;
				CLANG_WARN_COMMA = YES;
				CLANG_WARN_DEPRECATED_OBJC_IMPLEMENTATIONS = YES;
				CLANG_WARN_NON_LITERAL_NULL_CONVERSION = YES;
				CLANG_WARN_OBJC_IMPLICIT_RETAIN_SELF = YES;
				CLANG_WARN_OBJC_LITERAL_CONVERSION = YES;
				CLANG_WARN_RANGE_LOOP_ANALYSIS = YES;
				CLANG_WARN_STRICT_PROTOTYPES = YES;
				CLANG_WARN_UNGUARDED_AVAILABILITY = YES_AGGRESSIVE;
				CODE_SIGN_IDENTITY = "iPhone Developer";
				CODE_SIGN_STYLE = Automatic;
				DEVELOPMENT_TEAM = Z4Q2D6MMMF;
				ENABLE_BITCODE = NO;
				GCC_C_LANGUAGE_STANDARD = gnu11;
				INFOPLIST_FILE = BoardcastSetupUI/Info.plist;
				IPHONEOS_DEPLOYMENT_TARGET = 11.0;
				LD_RUNPATH_SEARCH_PATHS = "$(inherited) @executable_path/Frameworks @executable_path/../../Frameworks";
				PRODUCT_BUNDLE_IDENTIFIER = com.wilder.ilive.BroadcastSetupUI;
				PRODUCT_NAME = "$(TARGET_NAME)";
				SKIP_INSTALL = YES;
				SWIFT_OPTIMIZATION_LEVEL = "-Owholemodule";
				SWIFT_VERSION = 4.0;
				TARGETED_DEVICE_FAMILY = "1,2";
			};
			name = Release;
		};
		23AF28231EEFECD800D771AB /* Debug */ = {
			isa = XCBuildConfiguration;
			buildSettings = {
				ALWAYS_SEARCH_USER_PATHS = NO;
				CLANG_ANALYZER_NONNULL = YES;
				CLANG_ANALYZER_NUMBER_OBJECT_CONVERSION = YES_AGGRESSIVE;
				CLANG_CXX_LANGUAGE_STANDARD = "gnu++0x";
				CLANG_CXX_LIBRARY = "libc++";
				CLANG_ENABLE_MODULES = YES;
				CLANG_ENABLE_OBJC_ARC = YES;
				CLANG_WARN_BOOL_CONVERSION = YES;
				CLANG_WARN_CONSTANT_CONVERSION = YES;
				CLANG_WARN_DIRECT_OBJC_ISA_USAGE = YES_ERROR;
				CLANG_WARN_DOCUMENTATION_COMMENTS = YES;
				CLANG_WARN_EMPTY_BODY = YES;
				CLANG_WARN_ENUM_CONVERSION = YES;
				CLANG_WARN_INFINITE_RECURSION = YES;
				CLANG_WARN_INT_CONVERSION = YES;
				CLANG_WARN_OBJC_ROOT_CLASS = YES_ERROR;
				CLANG_WARN_SUSPICIOUS_MOVE = YES;
				CLANG_WARN_UNREACHABLE_CODE = YES;
				CLANG_WARN__DUPLICATE_METHOD_MATCH = YES;
				"CODE_SIGN_IDENTITY[sdk=iphoneos*]" = "iPhone Developer";
				COPY_PHASE_STRIP = NO;
				DEBUG_INFORMATION_FORMAT = dwarf;
				ENABLE_BITCODE = YES;
				ENABLE_STRICT_OBJC_MSGSEND = YES;
				ENABLE_TESTABILITY = YES;
				GCC_C_LANGUAGE_STANDARD = gnu99;
				GCC_DYNAMIC_NO_PIC = NO;
				GCC_NO_COMMON_BLOCKS = YES;
				GCC_OPTIMIZATION_LEVEL = 0;
				GCC_PREPROCESSOR_DEFINITIONS = (
					"DEBUG=1",
					"$(inherited)",
				);
				GCC_WARN_64_TO_32_BIT_CONVERSION = YES;
				GCC_WARN_ABOUT_RETURN_TYPE = YES_ERROR;
				GCC_WARN_UNDECLARED_SELECTOR = YES;
				GCC_WARN_UNINITIALIZED_AUTOS = YES_AGGRESSIVE;
				GCC_WARN_UNUSED_FUNCTION = YES;
				GCC_WARN_UNUSED_VARIABLE = YES;
				IPHONEOS_DEPLOYMENT_TARGET = 10.3;
				MTL_ENABLE_DEBUG_INFO = YES;
				ONLY_ACTIVE_ARCH = YES;
				SDKROOT = iphoneos;
			};
			name = Debug;
		};
		23AF28241EEFECD800D771AB /* Release */ = {
			isa = XCBuildConfiguration;
			buildSettings = {
				ALWAYS_SEARCH_USER_PATHS = NO;
				CLANG_ANALYZER_NONNULL = YES;
				CLANG_ANALYZER_NUMBER_OBJECT_CONVERSION = YES_AGGRESSIVE;
				CLANG_CXX_LANGUAGE_STANDARD = "gnu++0x";
				CLANG_CXX_LIBRARY = "libc++";
				CLANG_ENABLE_MODULES = YES;
				CLANG_ENABLE_OBJC_ARC = YES;
				CLANG_WARN_BOOL_CONVERSION = YES;
				CLANG_WARN_CONSTANT_CONVERSION = YES;
				CLANG_WARN_DIRECT_OBJC_ISA_USAGE = YES_ERROR;
				CLANG_WARN_DOCUMENTATION_COMMENTS = YES;
				CLANG_WARN_EMPTY_BODY = YES;
				CLANG_WARN_ENUM_CONVERSION = YES;
				CLANG_WARN_INFINITE_RECURSION = YES;
				CLANG_WARN_INT_CONVERSION = YES;
				CLANG_WARN_OBJC_ROOT_CLASS = YES_ERROR;
				CLANG_WARN_SUSPICIOUS_MOVE = YES;
				CLANG_WARN_UNREACHABLE_CODE = YES;
				CLANG_WARN__DUPLICATE_METHOD_MATCH = YES;
				"CODE_SIGN_IDENTITY[sdk=iphoneos*]" = "iPhone Developer";
				COPY_PHASE_STRIP = NO;
				DEBUG_INFORMATION_FORMAT = "dwarf-with-dsym";
				ENABLE_BITCODE = YES;
				ENABLE_NS_ASSERTIONS = NO;
				ENABLE_STRICT_OBJC_MSGSEND = YES;
				GCC_C_LANGUAGE_STANDARD = gnu99;
				GCC_NO_COMMON_BLOCKS = YES;
				GCC_WARN_64_TO_32_BIT_CONVERSION = YES;
				GCC_WARN_ABOUT_RETURN_TYPE = YES_ERROR;
				GCC_WARN_UNDECLARED_SELECTOR = YES;
				GCC_WARN_UNINITIALIZED_AUTOS = YES_AGGRESSIVE;
				GCC_WARN_UNUSED_FUNCTION = YES;
				GCC_WARN_UNUSED_VARIABLE = YES;
				IPHONEOS_DEPLOYMENT_TARGET = 10.3;
				MTL_ENABLE_DEBUG_INFO = NO;
				SDKROOT = iphoneos;
				VALIDATE_PRODUCT = YES;
			};
			name = Release;
		};
		23AF28261EEFECD800D771AB /* Debug */ = {
			isa = XCBuildConfiguration;
			buildSettings = {
				DEVELOPMENT_TEAM = 342K4Q49RK;
				ENABLE_BITCODE = YES;
				FRAMEWORK_SEARCH_PATHS = (
					"$(PROJECT_DIR)/RCTAgora/Libraries/AgoraBeauty",
					"$(PROJECT_DIR)/RCTAgora/Libraries/AgoraEngine",
				);
				GCC_PRECOMPILE_PREFIX_HEADER = YES;
				GCC_PREFIX_HEADER = "$(SRCROOT)/RCTAgora/PrefixHeader.pch";
				HEADER_SEARCH_PATHS = "";
				LIBRARY_SEARCH_PATHS = (
					"$(inherited)",
					"$(PROJECT_DIR)/RCTAgora/Libraries/AgoraEngine",
				);
				OTHER_LDFLAGS = "-ObjC";
				PRODUCT_NAME = "$(TARGET_NAME)";
				SKIP_INSTALL = YES;
			};
			name = Debug;
		};
		23AF28271EEFECD800D771AB /* Release */ = {
			isa = XCBuildConfiguration;
			buildSettings = {
				DEVELOPMENT_TEAM = 342K4Q49RK;
				ENABLE_BITCODE = YES;
				FRAMEWORK_SEARCH_PATHS = (
					"$(PROJECT_DIR)/RCTAgora/Libraries/AgoraBeauty",
					"$(PROJECT_DIR)/RCTAgora/Libraries/AgoraEngine",
				);
				GCC_PRECOMPILE_PREFIX_HEADER = YES;
				GCC_PREFIX_HEADER = "$(SRCROOT)/RCTAgora/PrefixHeader.pch";
				HEADER_SEARCH_PATHS = "";
				LIBRARY_SEARCH_PATHS = (
					"$(inherited)",
					"$(PROJECT_DIR)/RCTAgora/Libraries/AgoraEngine",
				);
				OTHER_LDFLAGS = "-ObjC";
				PRODUCT_NAME = "$(TARGET_NAME)";
				SKIP_INSTALL = YES;
			};
			name = Release;
		};
/* End XCBuildConfiguration section */

/* Begin XCConfigurationList section */
		182CB01920C8CE7C00F9FF50 /* Build configuration list for PBXNativeTarget "Boardcast" */ = {
			isa = XCConfigurationList;
			buildConfigurations = (
				182CB01A20C8CE7C00F9FF50 /* Debug */,
				182CB01B20C8CE7C00F9FF50 /* Release */,
			);
			defaultConfigurationIsVisible = 0;
			defaultConfigurationName = Release;
		};
		182CB01C20C8CE7C00F9FF50 /* Build configuration list for PBXNativeTarget "BoardcastSetupUI" */ = {
			isa = XCConfigurationList;
			buildConfigurations = (
				182CB01D20C8CE7C00F9FF50 /* Debug */,
				182CB01E20C8CE7C00F9FF50 /* Release */,
			);
			defaultConfigurationIsVisible = 0;
			defaultConfigurationName = Release;
		};
		23AF28171EEFECD800D771AB /* Build configuration list for PBXProject "RCTAgora" */ = {
			isa = XCConfigurationList;
			buildConfigurations = (
				23AF28231EEFECD800D771AB /* Debug */,
				23AF28241EEFECD800D771AB /* Release */,
			);
			defaultConfigurationIsVisible = 0;
			defaultConfigurationName = Release;
		};
		23AF28251EEFECD800D771AB /* Build configuration list for PBXNativeTarget "RCTAgora" */ = {
			isa = XCConfigurationList;
			buildConfigurations = (
				23AF28261EEFECD800D771AB /* Debug */,
				23AF28271EEFECD800D771AB /* Release */,
			);
			defaultConfigurationIsVisible = 0;
			defaultConfigurationName = Release;
		};
/* End XCConfigurationList section */
	};
	rootObject = 23AF28141EEFECD800D771AB /* Project object */;
}
